// !$*UTF8*$!
{
	archiveVersion = 1;
	classes = {
	};
	objectVersion = 56;
	objects = {

/* Begin PBXBuildFile section */
		AC67C89D2C854FDD00276A83 /* LinkKit in Frameworks */ = {isa = PBXBuildFile; productRef = AC67C89C2C854FDD00276A83 /* LinkKit */; };
		AC8ED4512C855B3000F19B3A /* PlaidLinkView.swift in Sources */ = {isa = PBXBuildFile; fileRef = AC8ED4502C855B3000F19B3A /* PlaidLinkView.swift */; };
		AC8ED4532C855B6000F19B3A /* AppDelegate.swift in Sources */ = {isa = PBXBuildFile; fileRef = AC8ED4522C855B6000F19B3A /* AppDelegate.swift */; };
		AC8ED45F2C8578B300F19B3A /* ServerCommunicator.swift in Sources */ = {isa = PBXBuildFile; fileRef = AC8ED45E2C8578B300F19B3A /* ServerCommunicator.swift */; };
		AC8ED4612C8578C400F19B3A /* ServerResponses.swift in Sources */ = {isa = PBXBuildFile; fileRef = AC8ED4602C8578C400F19B3A /* ServerResponses.swift */; };
		AC8ED46D2C857E8600F19B3A /* PlaidLinkViewController.swift in Sources */ = {isa = PBXBuildFile; fileRef = AC8ED46C2C857E8600F19B3A /* PlaidLinkViewController.swift */; };
		AC8ED46F2C857F8A00F19B3A /* SceneDelegate.swift in Sources */ = {isa = PBXBuildFile; fileRef = AC8ED46E2C857F8A00F19B3A /* SceneDelegate.swift */; };
		ACA2D1572C7170E900447336 /* MoneyManagerApp.swift in Sources */ = {isa = PBXBuildFile; fileRef = ACA2D1562C7170E900447336 /* MoneyManagerApp.swift */; };
		ACA2D1592C7170E900447336 /* ContentView.swift in Sources */ = {isa = PBXBuildFile; fileRef = ACA2D1582C7170E900447336 /* ContentView.swift */; };
		ACA2D1682C7170EA00447336 /* MoneyManagerTests.swift in Sources */ = {isa = PBXBuildFile; fileRef = ACA2D1672C7170EA00447336 /* MoneyManagerTests.swift */; };
		ACA2D1722C7170EA00447336 /* MoneyManagerUITests.swift in Sources */ = {isa = PBXBuildFile; fileRef = ACA2D1712C7170EA00447336 /* MoneyManagerUITests.swift */; };
		ACA2D1742C7170EA00447336 /* MoneyManagerUITestsLaunchTests.swift in Sources */ = {isa = PBXBuildFile; fileRef = ACA2D1732C7170EA00447336 /* MoneyManagerUITestsLaunchTests.swift */; };
		ACA2D1832C71844100447336 /* Dashboard.swift in Sources */ = {isa = PBXBuildFile; fileRef = ACA2D1822C71844100447336 /* Dashboard.swift */; };
		ACA2D1852C71845000447336 /* Accounts.swift in Sources */ = {isa = PBXBuildFile; fileRef = ACA2D1842C71845000447336 /* Accounts.swift */; };
		ACA2D1872C71863600447336 /* Investments.swift in Sources */ = {isa = PBXBuildFile; fileRef = ACA2D1862C71863600447336 /* Investments.swift */; };
		ACA2D1892C71866D00447336 /* Monthly.swift in Sources */ = {isa = PBXBuildFile; fileRef = ACA2D1882C71866D00447336 /* Monthly.swift */; };
		ACA2D18B2C7295AC00447336 /* Playground.swift in Sources */ = {isa = PBXBuildFile; fileRef = ACA2D18A2C7295AC00447336 /* Playground.swift */; };
		ACEB56712C7BBA63001AAEF4 /* AccountInformation.swift in Sources */ = {isa = PBXBuildFile; fileRef = ACEB56702C7BBA63001AAEF4 /* AccountInformation.swift */; };
/* End PBXBuildFile section */

/* Begin PBXContainerItemProxy section */
		ACA2D1642C7170EA00447336 /* PBXContainerItemProxy */ = {
			isa = PBXContainerItemProxy;
			containerPortal = ACA2D14B2C7170E900447336 /* Project object */;
			proxyType = 1;
			remoteGlobalIDString = ACA2D1522C7170E900447336;
			remoteInfo = MoneyManager;
		};
		ACA2D16E2C7170EA00447336 /* PBXContainerItemProxy */ = {
			isa = PBXContainerItemProxy;
			containerPortal = ACA2D14B2C7170E900447336 /* Project object */;
			proxyType = 1;
			remoteGlobalIDString = ACA2D1522C7170E900447336;
			remoteInfo = MoneyManager;
		};
/* End PBXContainerItemProxy section */

/* Begin PBXFileReference section */
		AC8ED4502C855B3000F19B3A /* PlaidLinkView.swift */ = {isa = PBXFileReference; lastKnownFileType = sourcecode.swift; path = PlaidLinkView.swift; sourceTree = "<group>"; };
		AC8ED4522C855B6000F19B3A /* AppDelegate.swift */ = {isa = PBXFileReference; lastKnownFileType = sourcecode.swift; path = AppDelegate.swift; sourceTree = "<group>"; };
		AC8ED45E2C8578B300F19B3A /* ServerCommunicator.swift */ = {isa = PBXFileReference; fileEncoding = 4; lastKnownFileType = sourcecode.swift; path = ServerCommunicator.swift; sourceTree = "<group>"; };
		AC8ED4602C8578C400F19B3A /* ServerResponses.swift */ = {isa = PBXFileReference; fileEncoding = 4; lastKnownFileType = sourcecode.swift; path = ServerResponses.swift; sourceTree = "<group>"; };
		AC8ED46C2C857E8600F19B3A /* PlaidLinkViewController.swift */ = {isa = PBXFileReference; fileEncoding = 4; lastKnownFileType = sourcecode.swift; path = PlaidLinkViewController.swift; sourceTree = "<group>"; };
		AC8ED46E2C857F8A00F19B3A /* SceneDelegate.swift */ = {isa = PBXFileReference; fileEncoding = 4; lastKnownFileType = sourcecode.swift; name = SceneDelegate.swift; path = "../../../plaid-tutorial/ios-swift/finished/client/SamplePlaidClient/SceneDelegate.swift"; sourceTree = "<group>"; };
		ACA2D1532C7170E900447336 /* MoneyManager.app */ = {isa = PBXFileReference; explicitFileType = wrapper.application; includeInIndex = 0; path = MoneyManager.app; sourceTree = BUILT_PRODUCTS_DIR; };
		ACA2D1562C7170E900447336 /* MoneyManagerApp.swift */ = {isa = PBXFileReference; lastKnownFileType = sourcecode.swift; path = MoneyManagerApp.swift; sourceTree = "<group>"; };
		ACA2D1582C7170E900447336 /* ContentView.swift */ = {isa = PBXFileReference; lastKnownFileType = sourcecode.swift; path = ContentView.swift; sourceTree = "<group>"; };
		ACA2D1632C7170EA00447336 /* MoneyManagerTests.xctest */ = {isa = PBXFileReference; explicitFileType = wrapper.cfbundle; includeInIndex = 0; path = MoneyManagerTests.xctest; sourceTree = BUILT_PRODUCTS_DIR; };
		ACA2D1672C7170EA00447336 /* MoneyManagerTests.swift */ = {isa = PBXFileReference; lastKnownFileType = sourcecode.swift; path = MoneyManagerTests.swift; sourceTree = "<group>"; };
		ACA2D16D2C7170EA00447336 /* MoneyManagerUITests.xctest */ = {isa = PBXFileReference; explicitFileType = wrapper.cfbundle; includeInIndex = 0; path = MoneyManagerUITests.xctest; sourceTree = BUILT_PRODUCTS_DIR; };
		ACA2D1712C7170EA00447336 /* MoneyManagerUITests.swift */ = {isa = PBXFileReference; lastKnownFileType = sourcecode.swift; path = MoneyManagerUITests.swift; sourceTree = "<group>"; };
		ACA2D1732C7170EA00447336 /* MoneyManagerUITestsLaunchTests.swift */ = {isa = PBXFileReference; lastKnownFileType = sourcecode.swift; path = MoneyManagerUITestsLaunchTests.swift; sourceTree = "<group>"; };
		ACA2D1822C71844100447336 /* Dashboard.swift */ = {isa = PBXFileReference; lastKnownFileType = sourcecode.swift; path = Dashboard.swift; sourceTree = "<group>"; };
		ACA2D1842C71845000447336 /* Accounts.swift */ = {isa = PBXFileReference; lastKnownFileType = sourcecode.swift; path = Accounts.swift; sourceTree = "<group>"; };
		ACA2D1862C71863600447336 /* Investments.swift */ = {isa = PBXFileReference; lastKnownFileType = sourcecode.swift; path = Investments.swift; sourceTree = "<group>"; };
		ACA2D1882C71866D00447336 /* Monthly.swift */ = {isa = PBXFileReference; lastKnownFileType = sourcecode.swift; path = Monthly.swift; sourceTree = "<group>"; };
		ACA2D18A2C7295AC00447336 /* Playground.swift */ = {isa = PBXFileReference; lastKnownFileType = sourcecode.swift; path = Playground.swift; sourceTree = "<group>"; };
		ACEB56702C7BBA63001AAEF4 /* AccountInformation.swift */ = {isa = PBXFileReference; lastKnownFileType = sourcecode.swift; path = AccountInformation.swift; sourceTree = "<group>"; };
/* End PBXFileReference section */

/* Begin PBXFrameworksBuildPhase section */
		ACA2D1502C7170E900447336 /* Frameworks */ = {
			isa = PBXFrameworksBuildPhase;
			buildActionMask = 2147483647;
			files = (
				AC67C89D2C854FDD00276A83 /* LinkKit in Frameworks */,
			);
			runOnlyForDeploymentPostprocessing = 0;
		};
		ACA2D1602C7170EA00447336 /* Frameworks */ = {
			isa = PBXFrameworksBuildPhase;
			buildActionMask = 2147483647;
			files = (
			);
			runOnlyForDeploymentPostprocessing = 0;
		};
		ACA2D16A2C7170EA00447336 /* Frameworks */ = {
			isa = PBXFrameworksBuildPhase;
			buildActionMask = 2147483647;
			files = (
			);
			runOnlyForDeploymentPostprocessing = 0;
		};
/* End PBXFrameworksBuildPhase section */

/* Begin PBXGroup section */
		AC8ED45B2C85777B00F19B3A /* AccountsHelpers */ = {
			isa = PBXGroup;
			children = (
				ACEB56702C7BBA63001AAEF4 /* AccountInformation.swift */,
			);
			path = AccountsHelpers;
			sourceTree = "<group>";
		};
		AC8ED45C2C8577A300F19B3A /* Unimplemented */ = {
			isa = PBXGroup;
			children = (
				ACA2D1582C7170E900447336 /* ContentView.swift */,
				ACA2D1862C71863600447336 /* Investments.swift */,
				ACA2D18A2C7295AC00447336 /* Playground.swift */,
				ACA2D1822C71844100447336 /* Dashboard.swift */,
				ACA2D1882C71866D00447336 /* Monthly.swift */,
			);
			path = Unimplemented;
			sourceTree = "<group>";
		};
		AC8ED45D2C85788E00F19B3A /* PlaidCode */ = {
			isa = PBXGroup;
			children = (
				AC8ED46C2C857E8600F19B3A /* PlaidLinkViewController.swift */,
				AC8ED46E2C857F8A00F19B3A /* SceneDelegate.swift */,
				AC8ED4502C855B3000F19B3A /* PlaidLinkView.swift */,
				AC8ED4522C855B6000F19B3A /* AppDelegate.swift */,
				AC8ED4602C8578C400F19B3A /* ServerResponses.swift */,
				AC8ED45E2C8578B300F19B3A /* ServerCommunicator.swift */,
			);
			path = PlaidCode;
			sourceTree = "<group>";
		};
		ACA2D14A2C7170E900447336 = {
			isa = PBXGroup;
			children = (
				ACA2D1552C7170E900447336 /* MoneyManager */,
				ACA2D1662C7170EA00447336 /* MoneyManagerTests */,
				ACA2D1702C7170EA00447336 /* MoneyManagerUITests */,
				ACA2D1542C7170E900447336 /* Products */,
			);
			sourceTree = "<group>";
		};
		ACA2D1542C7170E900447336 /* Products */ = {
			isa = PBXGroup;
			children = (
				ACA2D1532C7170E900447336 /* MoneyManager.app */,
				ACA2D1632C7170EA00447336 /* MoneyManagerTests.xctest */,
				ACA2D16D2C7170EA00447336 /* MoneyManagerUITests.xctest */,
			);
			name = Products;
			sourceTree = "<group>";
		};
		ACA2D1552C7170E900447336 /* MoneyManager */ = {
			isa = PBXGroup;
			children = (
				AC8ED45D2C85788E00F19B3A /* PlaidCode */,
				AC8ED45B2C85777B00F19B3A /* AccountsHelpers */,
				AC8ED45C2C8577A300F19B3A /* Unimplemented */,
				ACA2D1842C71845000447336 /* Accounts.swift */,
				ACA2D1562C7170E900447336 /* MoneyManagerApp.swift */,
			);
			path = MoneyManager;
			sourceTree = "<group>";
		};
		ACA2D1662C7170EA00447336 /* MoneyManagerTests */ = {
			isa = PBXGroup;
			children = (
				ACA2D1672C7170EA00447336 /* MoneyManagerTests.swift */,
			);
			path = MoneyManagerTests;
			sourceTree = "<group>";
		};
		ACA2D1702C7170EA00447336 /* MoneyManagerUITests */ = {
			isa = PBXGroup;
			children = (
				ACA2D1712C7170EA00447336 /* MoneyManagerUITests.swift */,
				ACA2D1732C7170EA00447336 /* MoneyManagerUITestsLaunchTests.swift */,
			);
			path = MoneyManagerUITests;
			sourceTree = "<group>";
		};
/* End PBXGroup section */

/* Begin PBXNativeTarget section */
		ACA2D1522C7170E900447336 /* MoneyManager */ = {
			isa = PBXNativeTarget;
			buildConfigurationList = ACA2D1772C7170EA00447336 /* Build configuration list for PBXNativeTarget "MoneyManager" */;
			buildPhases = (
				ACA2D14F2C7170E900447336 /* Sources */,
				ACA2D1502C7170E900447336 /* Frameworks */,
				ACA2D1512C7170E900447336 /* Resources */,
			);
			buildRules = (
			);
			dependencies = (
			);
			name = MoneyManager;
			packageProductDependencies = (
				AC67C89C2C854FDD00276A83 /* LinkKit */,
			);
			productName = MoneyManager;
			productReference = ACA2D1532C7170E900447336 /* MoneyManager.app */;
			productType = "com.apple.product-type.application";
		};
		ACA2D1622C7170EA00447336 /* MoneyManagerTests */ = {
			isa = PBXNativeTarget;
			buildConfigurationList = ACA2D17A2C7170EA00447336 /* Build configuration list for PBXNativeTarget "MoneyManagerTests" */;
			buildPhases = (
				ACA2D15F2C7170EA00447336 /* Sources */,
				ACA2D1602C7170EA00447336 /* Frameworks */,
				ACA2D1612C7170EA00447336 /* Resources */,
			);
			buildRules = (
			);
			dependencies = (
				ACA2D1652C7170EA00447336 /* PBXTargetDependency */,
			);
			name = MoneyManagerTests;
			productName = MoneyManagerTests;
			productReference = ACA2D1632C7170EA00447336 /* MoneyManagerTests.xctest */;
			productType = "com.apple.product-type.bundle.unit-test";
		};
		ACA2D16C2C7170EA00447336 /* MoneyManagerUITests */ = {
			isa = PBXNativeTarget;
			buildConfigurationList = ACA2D17D2C7170EA00447336 /* Build configuration list for PBXNativeTarget "MoneyManagerUITests" */;
			buildPhases = (
				ACA2D1692C7170EA00447336 /* Sources */,
				ACA2D16A2C7170EA00447336 /* Frameworks */,
				ACA2D16B2C7170EA00447336 /* Resources */,
			);
			buildRules = (
			);
			dependencies = (
				ACA2D16F2C7170EA00447336 /* PBXTargetDependency */,
			);
			name = MoneyManagerUITests;
			productName = MoneyManagerUITests;
			productReference = ACA2D16D2C7170EA00447336 /* MoneyManagerUITests.xctest */;
			productType = "com.apple.product-type.bundle.ui-testing";
		};
/* End PBXNativeTarget section */

/* Begin PBXProject section */
		ACA2D14B2C7170E900447336 /* Project object */ = {
			isa = PBXProject;
			attributes = {
				BuildIndependentTargetsInParallel = 1;
				LastSwiftUpdateCheck = 1430;
				LastUpgradeCheck = 1540;
				TargetAttributes = {
					ACA2D1522C7170E900447336 = {
						CreatedOnToolsVersion = 14.3.1;
					};
					ACA2D1622C7170EA00447336 = {
						CreatedOnToolsVersion = 14.3.1;
						TestTargetID = ACA2D1522C7170E900447336;
					};
					ACA2D16C2C7170EA00447336 = {
						CreatedOnToolsVersion = 14.3.1;
						TestTargetID = ACA2D1522C7170E900447336;
					};
				};
			};
			buildConfigurationList = ACA2D14E2C7170E900447336 /* Build configuration list for PBXProject "MoneyManager" */;
			compatibilityVersion = "Xcode 14.0";
			developmentRegion = en;
			hasScannedForEncodings = 0;
			knownRegions = (
				en,
				Base,
			);
			mainGroup = ACA2D14A2C7170E900447336;
			packageReferences = (
				AC67C89B2C854F8400276A83 /* XCRemoteSwiftPackageReference "plaid-link-ios" */,
			);
			productRefGroup = ACA2D1542C7170E900447336 /* Products */;
			projectDirPath = "";
			projectRoot = "";
			targets = (
				ACA2D1522C7170E900447336 /* MoneyManager */,
				ACA2D1622C7170EA00447336 /* MoneyManagerTests */,
				ACA2D16C2C7170EA00447336 /* MoneyManagerUITests */,
			);
		};
/* End PBXProject section */

/* Begin PBXResourcesBuildPhase section */
		ACA2D1512C7170E900447336 /* Resources */ = {
			isa = PBXResourcesBuildPhase;
			buildActionMask = 2147483647;
			files = (
			);
			runOnlyForDeploymentPostprocessing = 0;
		};
		ACA2D1612C7170EA00447336 /* Resources */ = {
			isa = PBXResourcesBuildPhase;
			buildActionMask = 2147483647;
			files = (
			);
			runOnlyForDeploymentPostprocessing = 0;
		};
		ACA2D16B2C7170EA00447336 /* Resources */ = {
			isa = PBXResourcesBuildPhase;
			buildActionMask = 2147483647;
			files = (
			);
			runOnlyForDeploymentPostprocessing = 0;
		};
/* End PBXResourcesBuildPhase section */

/* Begin PBXSourcesBuildPhase section */
		ACA2D14F2C7170E900447336 /* Sources */ = {
			isa = PBXSourcesBuildPhase;
			buildActionMask = 2147483647;
			files = (
				AC8ED4612C8578C400F19B3A /* ServerResponses.swift in Sources */,
				AC8ED46F2C857F8A00F19B3A /* SceneDelegate.swift in Sources */,
				ACA2D1592C7170E900447336 /* ContentView.swift in Sources */,
				ACA2D1852C71845000447336 /* Accounts.swift in Sources */,
				ACA2D1832C71844100447336 /* Dashboard.swift in Sources */,
				ACA2D1892C71866D00447336 /* Monthly.swift in Sources */,
				ACA2D18B2C7295AC00447336 /* Playground.swift in Sources */,
				ACA2D1572C7170E900447336 /* MoneyManagerApp.swift in Sources */,
				AC8ED45F2C8578B300F19B3A /* ServerCommunicator.swift in Sources */,
				ACEB56712C7BBA63001AAEF4 /* AccountInformation.swift in Sources */,
				AC8ED4512C855B3000F19B3A /* PlaidLinkView.swift in Sources */,
				AC8ED4532C855B6000F19B3A /* AppDelegate.swift in Sources */,
				ACA2D1872C71863600447336 /* Investments.swift in Sources */,
				AC8ED46D2C857E8600F19B3A /* PlaidLinkViewController.swift in Sources */,
			);
			runOnlyForDeploymentPostprocessing = 0;
		};
		ACA2D15F2C7170EA00447336 /* Sources */ = {
			isa = PBXSourcesBuildPhase;
			buildActionMask = 2147483647;
			files = (
				ACA2D1682C7170EA00447336 /* MoneyManagerTests.swift in Sources */,
			);
			runOnlyForDeploymentPostprocessing = 0;
		};
		ACA2D1692C7170EA00447336 /* Sources */ = {
			isa = PBXSourcesBuildPhase;
			buildActionMask = 2147483647;
			files = (
				ACA2D1722C7170EA00447336 /* MoneyManagerUITests.swift in Sources */,
				ACA2D1742C7170EA00447336 /* MoneyManagerUITestsLaunchTests.swift in Sources */,
			);
			runOnlyForDeploymentPostprocessing = 0;
		};
/* End PBXSourcesBuildPhase section */

/* Begin PBXTargetDependency section */
		ACA2D1652C7170EA00447336 /* PBXTargetDependency */ = {
			isa = PBXTargetDependency;
			target = ACA2D1522C7170E900447336 /* MoneyManager */;
			targetProxy = ACA2D1642C7170EA00447336 /* PBXContainerItemProxy */;
		};
		ACA2D16F2C7170EA00447336 /* PBXTargetDependency */ = {
			isa = PBXTargetDependency;
			target = ACA2D1522C7170E900447336 /* MoneyManager */;
			targetProxy = ACA2D16E2C7170EA00447336 /* PBXContainerItemProxy */;
		};
/* End PBXTargetDependency section */

/* Begin XCBuildConfiguration section */
		ACA2D1752C7170EA00447336 /* Debug */ = {
			isa = XCBuildConfiguration;
			buildSettings = {
				ALWAYS_SEARCH_USER_PATHS = NO;
				CLANG_ANALYZER_NONNULL = YES;
				CLANG_ANALYZER_NUMBER_OBJECT_CONVERSION = YES_AGGRESSIVE;
				CLANG_CXX_LANGUAGE_STANDARD = "gnu++20";
				CLANG_ENABLE_MODULES = YES;
				CLANG_ENABLE_OBJC_ARC = YES;
				CLANG_ENABLE_OBJC_WEAK = YES;
				CLANG_WARN_BLOCK_CAPTURE_AUTORELEASING = YES;
				CLANG_WARN_BOOL_CONVERSION = YES;
				CLANG_WARN_COMMA = YES;
				CLANG_WARN_CONSTANT_CONVERSION = YES;
				CLANG_WARN_DEPRECATED_OBJC_IMPLEMENTATIONS = YES;
				CLANG_WARN_DIRECT_OBJC_ISA_USAGE = YES_ERROR;
				CLANG_WARN_DOCUMENTATION_COMMENTS = YES;
				CLANG_WARN_EMPTY_BODY = YES;
				CLANG_WARN_ENUM_CONVERSION = YES;
				CLANG_WARN_INFINITE_RECURSION = YES;
				CLANG_WARN_INT_CONVERSION = YES;
				CLANG_WARN_NON_LITERAL_NULL_CONVERSION = YES;
				CLANG_WARN_OBJC_IMPLICIT_RETAIN_SELF = YES;
				CLANG_WARN_OBJC_LITERAL_CONVERSION = YES;
				CLANG_WARN_OBJC_ROOT_CLASS = YES_ERROR;
				CLANG_WARN_QUOTED_INCLUDE_IN_FRAMEWORK_HEADER = YES;
				CLANG_WARN_RANGE_LOOP_ANALYSIS = YES;
				CLANG_WARN_STRICT_PROTOTYPES = YES;
				CLANG_WARN_SUSPICIOUS_MOVE = YES;
				CLANG_WARN_UNGUARDED_AVAILABILITY = YES_AGGRESSIVE;
				CLANG_WARN_UNREACHABLE_CODE = YES;
				CLANG_WARN__DUPLICATE_METHOD_MATCH = YES;
				COPY_PHASE_STRIP = NO;
				DEBUG_INFORMATION_FORMAT = dwarf;
				ENABLE_STRICT_OBJC_MSGSEND = YES;
				ENABLE_TESTABILITY = YES;
				ENABLE_USER_SCRIPT_SANDBOXING = YES;
				GCC_C_LANGUAGE_STANDARD = gnu11;
				GCC_DYNAMIC_NO_PIC = NO;
				GCC_NO_COMMON_BLOCKS = YES;
				GCC_OPTIMIZATION_LEVEL = 0;
				GCC_PREPROCESSOR_DEFINITIONS = (
					"DEBUG=1",
					"$(inherited)",
				);
				GCC_WARN_64_TO_32_BIT_CONVERSION = YES;
				GCC_WARN_ABOUT_RETURN_TYPE = YES_ERROR;
				GCC_WARN_UNDECLARED_SELECTOR = YES;
				GCC_WARN_UNINITIALIZED_AUTOS = YES_AGGRESSIVE;
				GCC_WARN_UNUSED_FUNCTION = YES;
				GCC_WARN_UNUSED_VARIABLE = YES;
				IPHONEOS_DEPLOYMENT_TARGET = 16.4;
				MTL_ENABLE_DEBUG_INFO = INCLUDE_SOURCE;
				MTL_FAST_MATH = YES;
				ONLY_ACTIVE_ARCH = YES;
				SDKROOT = iphoneos;
				SWIFT_ACTIVE_COMPILATION_CONDITIONS = DEBUG;
				SWIFT_OPTIMIZATION_LEVEL = "-Onone";
			};
			name = Debug;
		};
		ACA2D1762C7170EA00447336 /* Release */ = {
			isa = XCBuildConfiguration;
			buildSettings = {
				ALWAYS_SEARCH_USER_PATHS = NO;
				CLANG_ANALYZER_NONNULL = YES;
				CLANG_ANALYZER_NUMBER_OBJECT_CONVERSION = YES_AGGRESSIVE;
				CLANG_CXX_LANGUAGE_STANDARD = "gnu++20";
				CLANG_ENABLE_MODULES = YES;
				CLANG_ENABLE_OBJC_ARC = YES;
				CLANG_ENABLE_OBJC_WEAK = YES;
				CLANG_WARN_BLOCK_CAPTURE_AUTORELEASING = YES;
				CLANG_WARN_BOOL_CONVERSION = YES;
				CLANG_WARN_COMMA = YES;
				CLANG_WARN_CONSTANT_CONVERSION = YES;
				CLANG_WARN_DEPRECATED_OBJC_IMPLEMENTATIONS = YES;
				CLANG_WARN_DIRECT_OBJC_ISA_USAGE = YES_ERROR;
				CLANG_WARN_DOCUMENTATION_COMMENTS = YES;
				CLANG_WARN_EMPTY_BODY = YES;
				CLANG_WARN_ENUM_CONVERSION = YES;
				CLANG_WARN_INFINITE_RECURSION = YES;
				CLANG_WARN_INT_CONVERSION = YES;
				CLANG_WARN_NON_LITERAL_NULL_CONVERSION = YES;
				CLANG_WARN_OBJC_IMPLICIT_RETAIN_SELF = YES;
				CLANG_WARN_OBJC_LITERAL_CONVERSION = YES;
				CLANG_WARN_OBJC_ROOT_CLASS = YES_ERROR;
				CLANG_WARN_QUOTED_INCLUDE_IN_FRAMEWORK_HEADER = YES;
				CLANG_WARN_RANGE_LOOP_ANALYSIS = YES;
				CLANG_WARN_STRICT_PROTOTYPES = YES;
				CLANG_WARN_SUSPICIOUS_MOVE = YES;
				CLANG_WARN_UNGUARDED_AVAILABILITY = YES_AGGRESSIVE;
				CLANG_WARN_UNREACHABLE_CODE = YES;
				CLANG_WARN__DUPLICATE_METHOD_MATCH = YES;
				COPY_PHASE_STRIP = NO;
				DEBUG_INFORMATION_FORMAT = "dwarf-with-dsym";
				ENABLE_NS_ASSERTIONS = NO;
				ENABLE_STRICT_OBJC_MSGSEND = YES;
				ENABLE_USER_SCRIPT_SANDBOXING = YES;
				GCC_C_LANGUAGE_STANDARD = gnu11;
				GCC_NO_COMMON_BLOCKS = YES;
				GCC_WARN_64_TO_32_BIT_CONVERSION = YES;
				GCC_WARN_ABOUT_RETURN_TYPE = YES_ERROR;
				GCC_WARN_UNDECLARED_SELECTOR = YES;
				GCC_WARN_UNINITIALIZED_AUTOS = YES_AGGRESSIVE;
				GCC_WARN_UNUSED_FUNCTION = YES;
				GCC_WARN_UNUSED_VARIABLE = YES;
				IPHONEOS_DEPLOYMENT_TARGET = 16.4;
				MTL_ENABLE_DEBUG_INFO = NO;
				MTL_FAST_MATH = YES;
				SDKROOT = iphoneos;
				SWIFT_COMPILATION_MODE = wholemodule;
				SWIFT_OPTIMIZATION_LEVEL = "-O";
				VALIDATE_PRODUCT = YES;
			};
			name = Release;
		};
		ACA2D1782C7170EA00447336 /* Debug */ = {
			isa = XCBuildConfiguration;
			buildSettings = {
				ASSETCATALOG_COMPILER_APPICON_NAME = AppIcon;
				ASSETCATALOG_COMPILER_GLOBAL_ACCENT_COLOR_NAME = AccentColor;
				CODE_SIGN_STYLE = Automatic;
				CURRENT_PROJECT_VERSION = 1;
				DEVELOPMENT_ASSET_PATHS = "\"MoneyManager/Preview Content\"";
				DEVELOPMENT_TEAM = 3VJR7U6TJ9;
				ENABLE_PREVIEWS = YES;
				GENERATE_INFOPLIST_FILE = YES;
				INFOPLIST_KEY_UIApplicationSceneManifest_Generation = YES;
				INFOPLIST_KEY_UIApplicationSupportsIndirectInputEvents = YES;
				INFOPLIST_KEY_UILaunchScreen_Generation = YES;
				INFOPLIST_KEY_UISupportedInterfaceOrientations_iPad = "UIInterfaceOrientationPortrait UIInterfaceOrientationPortraitUpsideDown UIInterfaceOrientationLandscapeLeft UIInterfaceOrientationLandscapeRight";
				INFOPLIST_KEY_UISupportedInterfaceOrientations_iPhone = "UIInterfaceOrientationPortrait UIInterfaceOrientationLandscapeLeft UIInterfaceOrientationLandscapeRight";
				LD_RUNPATH_SEARCH_PATHS = (
					"$(inherited)",
					"@executable_path/Frameworks",
				);
				MARKETING_VERSION = 1.0;
				PRODUCT_BUNDLE_IDENTIFIER = com.example.eshaank.MoneyManager;
				PRODUCT_NAME = "$(TARGET_NAME)";
				SWIFT_EMIT_LOC_STRINGS = YES;
				SWIFT_VERSION = 5.0;
				TARGETED_DEVICE_FAMILY = "1,2";
			};
			name = Debug;
		};
		ACA2D1792C7170EA00447336 /* Release */ = {
			isa = XCBuildConfiguration;
			buildSettings = {
				ASSETCATALOG_COMPILER_APPICON_NAME = AppIcon;
				ASSETCATALOG_COMPILER_GLOBAL_ACCENT_COLOR_NAME = AccentColor;
				CODE_SIGN_STYLE = Automatic;
				CURRENT_PROJECT_VERSION = 1;
				DEVELOPMENT_ASSET_PATHS = "\"MoneyManager/Preview Content\"";
				DEVELOPMENT_TEAM = 3VJR7U6TJ9;
				ENABLE_PREVIEWS = YES;
				GENERATE_INFOPLIST_FILE = YES;
				INFOPLIST_KEY_UIApplicationSceneManifest_Generation = YES;
				INFOPLIST_KEY_UIApplicationSupportsIndirectInputEvents = YES;
				INFOPLIST_KEY_UILaunchScreen_Generation = YES;
				INFOPLIST_KEY_UISupportedInterfaceOrientations_iPad = "UIInterfaceOrientationPortrait UIInterfaceOrientationPortraitUpsideDown UIInterfaceOrientationLandscapeLeft UIInterfaceOrientationLandscapeRight";
				INFOPLIST_KEY_UISupportedInterfaceOrientations_iPhone = "UIInterfaceOrientationPortrait UIInterfaceOrientationLandscapeLeft UIInterfaceOrientationLandscapeRight";
				LD_RUNPATH_SEARCH_PATHS = (
					"$(inherited)",
					"@executable_path/Frameworks",
				);
				MARKETING_VERSION = 1.0;
				PRODUCT_BUNDLE_IDENTIFIER = com.example.eshaank.MoneyManager;
				PRODUCT_NAME = "$(TARGET_NAME)";
				SWIFT_EMIT_LOC_STRINGS = YES;
				SWIFT_VERSION = 5.0;
				TARGETED_DEVICE_FAMILY = "1,2";
			};
			name = Release;
		};
		ACA2D17B2C7170EA00447336 /* Debug */ = {
			isa = XCBuildConfiguration;
			buildSettings = {
				ALWAYS_EMBED_SWIFT_STANDARD_LIBRARIES = YES;
				BUNDLE_LOADER = "$(TEST_HOST)";
				CODE_SIGN_STYLE = Automatic;
				CURRENT_PROJECT_VERSION = 1;
				GENERATE_INFOPLIST_FILE = YES;
				IPHONEOS_DEPLOYMENT_TARGET = 16.4;
				MARKETING_VERSION = 1.0;
				PRODUCT_BUNDLE_IDENTIFIER = com.example.eshaank.MoneyManagerTests;
				PRODUCT_NAME = "$(TARGET_NAME)";
				SWIFT_EMIT_LOC_STRINGS = NO;
				SWIFT_VERSION = 5.0;
				TARGETED_DEVICE_FAMILY = "1,2";
				TEST_HOST = "$(BUILT_PRODUCTS_DIR)/MoneyManager.app/$(BUNDLE_EXECUTABLE_FOLDER_PATH)/MoneyManager";
			};
			name = Debug;
		};
		ACA2D17C2C7170EA00447336 /* Release */ = {
			isa = XCBuildConfiguration;
			buildSettings = {
				ALWAYS_EMBED_SWIFT_STANDARD_LIBRARIES = YES;
				BUNDLE_LOADER = "$(TEST_HOST)";
				CODE_SIGN_STYLE = Automatic;
				CURRENT_PROJECT_VERSION = 1;
				GENERATE_INFOPLIST_FILE = YES;
				IPHONEOS_DEPLOYMENT_TARGET = 16.4;
				MARKETING_VERSION = 1.0;
				PRODUCT_BUNDLE_IDENTIFIER = com.example.eshaank.MoneyManagerTests;
				PRODUCT_NAME = "$(TARGET_NAME)";
				SWIFT_EMIT_LOC_STRINGS = NO;
				SWIFT_VERSION = 5.0;
				TARGETED_DEVICE_FAMILY = "1,2";
				TEST_HOST = "$(BUILT_PRODUCTS_DIR)/MoneyManager.app/$(BUNDLE_EXECUTABLE_FOLDER_PATH)/MoneyManager";
			};
			name = Release;
		};
		ACA2D17E2C7170EA00447336 /* Debug */ = {
			isa = XCBuildConfiguration;
			buildSettings = {
				ALWAYS_EMBED_SWIFT_STANDARD_LIBRARIES = YES;
				CODE_SIGN_STYLE = Automatic;
				CURRENT_PROJECT_VERSION = 1;
				GENERATE_INFOPLIST_FILE = YES;
				MARKETING_VERSION = 1.0;
				PRODUCT_BUNDLE_IDENTIFIER = com.example.eshaank.MoneyManagerUITests;
				PRODUCT_NAME = "$(TARGET_NAME)";
				SWIFT_EMIT_LOC_STRINGS = NO;
				SWIFT_VERSION = 5.0;
				TARGETED_DEVICE_FAMILY = "1,2";
				TEST_TARGET_NAME = MoneyManager;
			};
			name = Debug;
		};
		ACA2D17F2C7170EA00447336 /* Release */ = {
			isa = XCBuildConfiguration;
			buildSettings = {
				ALWAYS_EMBED_SWIFT_STANDARD_LIBRARIES = YES;
				CODE_SIGN_STYLE = Automatic;
				CURRENT_PROJECT_VERSION = 1;
				GENERATE_INFOPLIST_FILE = YES;
				MARKETING_VERSION = 1.0;
				PRODUCT_BUNDLE_IDENTIFIER = com.example.eshaank.MoneyManagerUITests;
				PRODUCT_NAME = "$(TARGET_NAME)";
				SWIFT_EMIT_LOC_STRINGS = NO;
				SWIFT_VERSION = 5.0;
				TARGETED_DEVICE_FAMILY = "1,2";
				TEST_TARGET_NAME = MoneyManager;
			};
			name = Release;
		};
/* End XCBuildConfiguration section */

/* Begin XCConfigurationList section */
		ACA2D14E2C7170E900447336 /* Build configuration list for PBXProject "MoneyManager" */ = {
			isa = XCConfigurationList;
			buildConfigurations = (
				ACA2D1752C7170EA00447336 /* Debug */,
				ACA2D1762C7170EA00447336 /* Release */,
			);
			defaultConfigurationIsVisible = 0;
			defaultConfigurationName = Release;
		};
		ACA2D1772C7170EA00447336 /* Build configuration list for PBXNativeTarget "MoneyManager" */ = {
			isa = XCConfigurationList;
			buildConfigurations = (
				ACA2D1782C7170EA00447336 /* Debug */,
				ACA2D1792C7170EA00447336 /* Release */,
			);
			defaultConfigurationIsVisible = 0;
			defaultConfigurationName = Release;
		};
		ACA2D17A2C7170EA00447336 /* Build configuration list for PBXNativeTarget "MoneyManagerTests" */ = {
			isa = XCConfigurationList;
			buildConfigurations = (
				ACA2D17B2C7170EA00447336 /* Debug */,
				ACA2D17C2C7170EA00447336 /* Release */,
			);
			defaultConfigurationIsVisible = 0;
			defaultConfigurationName = Release;
		};
		ACA2D17D2C7170EA00447336 /* Build configuration list for PBXNativeTarget "MoneyManagerUITests" */ = {
			isa = XCConfigurationList;
			buildConfigurations = (
				ACA2D17E2C7170EA00447336 /* Debug */,
				ACA2D17F2C7170EA00447336 /* Release */,
			);
			defaultConfigurationIsVisible = 0;
			defaultConfigurationName = Release;
		};
/* End XCConfigurationList section */

/* Begin XCRemoteSwiftPackageReference section */
		AC67C89B2C854F8400276A83 /* XCRemoteSwiftPackageReference "plaid-link-ios" */ = {
			isa = XCRemoteSwiftPackageReference;
			repositoryURL = "https://github.com/plaid/plaid-link-ios";
			requirement = {
				kind = upToNextMajorVersion;
				minimumVersion = 5.6.1;
			};
		};
/* End XCRemoteSwiftPackageReference section */

/* Begin XCSwiftPackageProductDependency section */
		AC67C89C2C854FDD00276A83 /* LinkKit */ = {
			isa = XCSwiftPackageProductDependency;
			package = AC67C89B2C854F8400276A83 /* XCRemoteSwiftPackageReference "plaid-link-ios" */;
			productName = LinkKit;
		};
/* End XCSwiftPackageProductDependency section */
	};
	rootObject = ACA2D14B2C7170E900447336 /* Project object */;
}
